// !$*UTF8*$!
{
	archiveVersion = 1;
	classes = {
	};
	objectVersion = 46;
	objects = {

/* Begin PBXBuildFile section */
		59C0BA401E17D11900EACD92 /* DaumMap.framework in Frameworks */ = {isa = PBXBuildFile; fileRef = 59C0BA231E17D11900EACD92 /* DaumMap.framework */; };
		59C0BA411E17D11900EACD92 /* copyright.png in Resources */ = {isa = PBXBuildFile; fileRef = 59C0BA251E17D11900EACD92 /* copyright.png */; };
		59C0BA421E17D11900EACD92 /* daum_copyright.png in Resources */ = {isa = PBXBuildFile; fileRef = 59C0BA261E17D11900EACD92 /* daum_copyright.png */; };
		59C0BA431E17D11900EACD92 /* daum_th_line.png in Resources */ = {isa = PBXBuildFile; fileRef = 59C0BA271E17D11900EACD92 /* daum_th_line.png */; };
		59C0BA441E17D11900EACD92 /* detail_button.png in Resources */ = {isa = PBXBuildFile; fileRef = 59C0BA281E17D11900EACD92 /* detail_button.png */; };
		59C0BA451E17D11900EACD92 /* info_box.png in Resources */ = {isa = PBXBuildFile; fileRef = 59C0BA291E17D11900EACD92 /* info_box.png */; };
		59C0BA461E17D11900EACD92 /* info_box_tail.png in Resources */ = {isa = PBXBuildFile; fileRef = 59C0BA2A1E17D11900EACD92 /* info_box_tail.png */; };
		59C0BA471E17D11900EACD92 /* map_pin.png in Resources */ = {isa = PBXBuildFile; fileRef = 59C0BA2B1E17D11900EACD92 /* map_pin.png */; };
		59C0BA481E17D11900EACD92 /* map_pin@3x.png in Resources */ = {isa = PBXBuildFile; fileRef = 59C0BA2C1E17D11900EACD92 /* map_pin@3x.png */; };
		59C0BA491E17D11900EACD92 /* map_pin_custom.png in Resources */ = {isa = PBXBuildFile; fileRef = 59C0BA2D1E17D11900EACD92 /* map_pin_custom.png */; };
		59C0BA4A1E17D11900EACD92 /* map_pin_custom@3x.png in Resources */ = {isa = PBXBuildFile; fileRef = 59C0BA2E1E17D11900EACD92 /* map_pin_custom@3x.png */; };
		59C0BA4B1E17D11900EACD92 /* map_pin_red.png in Resources */ = {isa = PBXBuildFile; fileRef = 59C0BA2F1E17D11900EACD92 /* map_pin_red.png */; };
		59C0BA4C1E17D11900EACD92 /* map_pin_red@3x.png in Resources */ = {isa = PBXBuildFile; fileRef = 59C0BA301E17D11900EACD92 /* map_pin_red@3x.png */; };
		59C0BA4D1E17D11900EACD92 /* map_pin_shadow.png in Resources */ = {isa = PBXBuildFile; fileRef = 59C0BA311E17D11900EACD92 /* map_pin_shadow.png */; };
		59C0BA4E1E17D11900EACD92 /* map_pin_shadow@3x.png in Resources */ = {isa = PBXBuildFile; fileRef = 59C0BA321E17D11900EACD92 /* map_pin_shadow@3x.png */; };
		59C0BA4F1E17D11900EACD92 /* map_pinup.png in Resources */ = {isa = PBXBuildFile; fileRef = 59C0BA331E17D11900EACD92 /* map_pinup.png */; };
		59C0BA501E17D11900EACD92 /* map_pinup@3x.png in Resources */ = {isa = PBXBuildFile; fileRef = 59C0BA341E17D11900EACD92 /* map_pinup@3x.png */; };
		59C0BA511E17D11900EACD92 /* map_pinup_custom.png in Resources */ = {isa = PBXBuildFile; fileRef = 59C0BA351E17D11900EACD92 /* map_pinup_custom.png */; };
		59C0BA521E17D11900EACD92 /* map_pinup_custom@3x.png in Resources */ = {isa = PBXBuildFile; fileRef = 59C0BA361E17D11900EACD92 /* map_pinup_custom@3x.png */; };
		59C0BA531E17D11900EACD92 /* map_present.png in Resources */ = {isa = PBXBuildFile; fileRef = 59C0BA371E17D11900EACD92 /* map_present.png */; };
		59C0BA541E17D11900EACD92 /* map_present_background_update.png in Resources */ = {isa = PBXBuildFile; fileRef = 59C0BA381E17D11900EACD92 /* map_present_background_update.png */; };
		59C0BA551E17D11900EACD92 /* map_present_direction.png in Resources */ = {isa = PBXBuildFile; fileRef = 59C0BA391E17D11900EACD92 /* map_present_direction.png */; };
		59C0BA561E17D11900EACD92 /* map_present_tracking.png in Resources */ = {isa = PBXBuildFile; fileRef = 59C0BA3A1E17D11900EACD92 /* map_present_tracking.png */; };
		59C0BA571E17D11900EACD92 /* noimage.png in Resources */ = {isa = PBXBuildFile; fileRef = 59C0BA3B1E17D11900EACD92 /* noimage.png */; };
		59C0BA581E17D11900EACD92 /* noimage256.png in Resources */ = {isa = PBXBuildFile; fileRef = 59C0BA3C1E17D11900EACD92 /* noimage256.png */; };
		59C0BA591E17D11900EACD92 /* point_sprite.png in Resources */ = {isa = PBXBuildFile; fileRef = 59C0BA3D1E17D11900EACD92 /* point_sprite.png */; };
		59C0BA5A1E17D11900EACD92 /* shadow_balloon.png in Resources */ = {isa = PBXBuildFile; fileRef = 59C0BA3E1E17D11900EACD92 /* shadow_balloon.png */; };
		59C0BA5B1E17D11900EACD92 /* th_line.png in Resources */ = {isa = PBXBuildFile; fileRef = 59C0BA3F1E17D11900EACD92 /* th_line.png */; };
		59C0BA5D1E17D1AC00EACD92 /* CoreLocation.framework in Frameworks */ = {isa = PBXBuildFile; fileRef = 59C0BA5C1E17D1AC00EACD92 /* CoreLocation.framework */; };
		59C0BA5F1E17D1CC00EACD92 /* libsqlite3.tbd in Frameworks */ = {isa = PBXBuildFile; fileRef = 59C0BA5E1E17D1CC00EACD92 /* libsqlite3.tbd */; };
		59C0BA611E17D1DA00EACD92 /* libxml2.tbd in Frameworks */ = {isa = PBXBuildFile; fileRef = 59C0BA601E17D1DA00EACD92 /* libxml2.tbd */; };
		59C0BA631E17D24A00EACD92 /* libstdc++.6.tbd in Frameworks */ = {isa = PBXBuildFile; fileRef = 59C0BA621E17D24A00EACD92 /* libstdc++.6.tbd */; };
		59C0BA651E17D25400EACD92 /* QuartzCore.framework in Frameworks */ = {isa = PBXBuildFile; fileRef = 59C0BA641E17D25400EACD92 /* QuartzCore.framework */; };
		59C0BA671E17D26200EACD92 /* SystemConfiguration.framework in Frameworks */ = {isa = PBXBuildFile; fileRef = 59C0BA661E17D26200EACD92 /* SystemConfiguration.framework */; };
		59C0BA691E17D26B00EACD92 /* OpenGLES.framework in Frameworks */ = {isa = PBXBuildFile; fileRef = 59C0BA681E17D26B00EACD92 /* OpenGLES.framework */; };
		967569069FDA859109C00649 /* Pods_CanGo.framework in Frameworks */ = {isa = PBXBuildFile; fileRef = DD9B16366ECD24285163B821 /* Pods_CanGo.framework */; };
		F104F3D91E17DD68000D5DB0 /* MainViewController.swift in Sources */ = {isa = PBXBuildFile; fileRef = F104F3D81E17DD68000D5DB0 /* MainViewController.swift */; };
		F1083E361E160626000BA60D /* LoginVC.swift in Sources */ = {isa = PBXBuildFile; fileRef = F1083E351E160626000BA60D /* LoginVC.swift */; };
		F1083E391E160A45000BA60D /* UIKit.framework in Frameworks */ = {isa = PBXBuildFile; fileRef = F1083E381E160A45000BA60D /* UIKit.framework */; };
		F1083E3B1E160A4D000BA60D /* Foundation.framework in Frameworks */ = {isa = PBXBuildFile; fileRef = F1083E3A1E160A4D000BA60D /* Foundation.framework */; };
		F118C9CF1E17EACB0069523F /* SignUpVC.swift in Sources */ = {isa = PBXBuildFile; fileRef = F118C9CE1E17EACB0069523F /* SignUpVC.swift */; };
		F1A42D4D1E15F0FF001AB20F /* AppDelegate.swift in Sources */ = {isa = PBXBuildFile; fileRef = F1A42D4C1E15F0FF001AB20F /* AppDelegate.swift */; };
		F1A42D521E15F0FF001AB20F /* Main.storyboard in Resources */ = {isa = PBXBuildFile; fileRef = F1A42D501E15F0FF001AB20F /* Main.storyboard */; };
		F1A42D541E15F0FF001AB20F /* Assets.xcassets in Resources */ = {isa = PBXBuildFile; fileRef = F1A42D531E15F0FF001AB20F /* Assets.xcassets */; };
		F1A42D571E15F0FF001AB20F /* LaunchScreen.storyboard in Resources */ = {isa = PBXBuildFile; fileRef = F1A42D551E15F0FF001AB20F /* LaunchScreen.storyboard */; };
		F1A42D621E15F0FF001AB20F /* CanGoTests.swift in Sources */ = {isa = PBXBuildFile; fileRef = F1A42D611E15F0FF001AB20F /* CanGoTests.swift */; };
		F1A42D6D1E15F0FF001AB20F /* CanGoUITests.swift in Sources */ = {isa = PBXBuildFile; fileRef = F1A42D6C1E15F0FF001AB20F /* CanGoUITests.swift */; };
		F1DB79551E17D8A3007A66BB /* Server.swift in Sources */ = {isa = PBXBuildFile; fileRef = F1DB79541E17D8A3007A66BB /* Server.swift */; };
		F1F6A1AD1E16107E002D9742 /* KakaoOpenSDK.framework in Frameworks */ = {isa = PBXBuildFile; fileRef = F1F6A1AC1E16107E002D9742 /* KakaoOpenSDK.framework */; };
/* End PBXBuildFile section */

/* Begin PBXContainerItemProxy section */
		F1A42D5E1E15F0FF001AB20F /* PBXContainerItemProxy */ = {
			isa = PBXContainerItemProxy;
			containerPortal = F1A42D411E15F0FF001AB20F /* Project object */;
			proxyType = 1;
			remoteGlobalIDString = F1A42D481E15F0FF001AB20F;
			remoteInfo = CanGo;
		};
		F1A42D691E15F0FF001AB20F /* PBXContainerItemProxy */ = {
			isa = PBXContainerItemProxy;
			containerPortal = F1A42D411E15F0FF001AB20F /* Project object */;
			proxyType = 1;
			remoteGlobalIDString = F1A42D481E15F0FF001AB20F;
			remoteInfo = CanGo;
		};
/* End PBXContainerItemProxy section */

/* Begin PBXFileReference section */
		59C0BA231E17D11900EACD92 /* DaumMap.framework */ = {isa = PBXFileReference; lastKnownFileType = wrapper.framework; path = DaumMap.framework; sourceTree = "<group>"; };
		59C0BA251E17D11900EACD92 /* copyright.png */ = {isa = PBXFileReference; lastKnownFileType = image.png; path = copyright.png; sourceTree = "<group>"; };
		59C0BA261E17D11900EACD92 /* daum_copyright.png */ = {isa = PBXFileReference; lastKnownFileType = image.png; path = daum_copyright.png; sourceTree = "<group>"; };
		59C0BA271E17D11900EACD92 /* daum_th_line.png */ = {isa = PBXFileReference; lastKnownFileType = image.png; path = daum_th_line.png; sourceTree = "<group>"; };
		59C0BA281E17D11900EACD92 /* detail_button.png */ = {isa = PBXFileReference; lastKnownFileType = image.png; path = detail_button.png; sourceTree = "<group>"; };
		59C0BA291E17D11900EACD92 /* info_box.png */ = {isa = PBXFileReference; lastKnownFileType = image.png; path = info_box.png; sourceTree = "<group>"; };
		59C0BA2A1E17D11900EACD92 /* info_box_tail.png */ = {isa = PBXFileReference; lastKnownFileType = image.png; path = info_box_tail.png; sourceTree = "<group>"; };
		59C0BA2B1E17D11900EACD92 /* map_pin.png */ = {isa = PBXFileReference; lastKnownFileType = image.png; path = map_pin.png; sourceTree = "<group>"; };
		59C0BA2C1E17D11900EACD92 /* map_pin@3x.png */ = {isa = PBXFileReference; lastKnownFileType = image.png; path = "map_pin@3x.png"; sourceTree = "<group>"; };
		59C0BA2D1E17D11900EACD92 /* map_pin_custom.png */ = {isa = PBXFileReference; lastKnownFileType = image.png; path = map_pin_custom.png; sourceTree = "<group>"; };
		59C0BA2E1E17D11900EACD92 /* map_pin_custom@3x.png */ = {isa = PBXFileReference; lastKnownFileType = image.png; path = "map_pin_custom@3x.png"; sourceTree = "<group>"; };
		59C0BA2F1E17D11900EACD92 /* map_pin_red.png */ = {isa = PBXFileReference; lastKnownFileType = image.png; path = map_pin_red.png; sourceTree = "<group>"; };
		59C0BA301E17D11900EACD92 /* map_pin_red@3x.png */ = {isa = PBXFileReference; lastKnownFileType = image.png; path = "map_pin_red@3x.png"; sourceTree = "<group>"; };
		59C0BA311E17D11900EACD92 /* map_pin_shadow.png */ = {isa = PBXFileReference; lastKnownFileType = image.png; path = map_pin_shadow.png; sourceTree = "<group>"; };
		59C0BA321E17D11900EACD92 /* map_pin_shadow@3x.png */ = {isa = PBXFileReference; lastKnownFileType = image.png; path = "map_pin_shadow@3x.png"; sourceTree = "<group>"; };
		59C0BA331E17D11900EACD92 /* map_pinup.png */ = {isa = PBXFileReference; lastKnownFileType = image.png; path = map_pinup.png; sourceTree = "<group>"; };
		59C0BA341E17D11900EACD92 /* map_pinup@3x.png */ = {isa = PBXFileReference; lastKnownFileType = image.png; path = "map_pinup@3x.png"; sourceTree = "<group>"; };
		59C0BA351E17D11900EACD92 /* map_pinup_custom.png */ = {isa = PBXFileReference; lastKnownFileType = image.png; path = map_pinup_custom.png; sourceTree = "<group>"; };
		59C0BA361E17D11900EACD92 /* map_pinup_custom@3x.png */ = {isa = PBXFileReference; lastKnownFileType = image.png; path = "map_pinup_custom@3x.png"; sourceTree = "<group>"; };
		59C0BA371E17D11900EACD92 /* map_present.png */ = {isa = PBXFileReference; lastKnownFileType = image.png; path = map_present.png; sourceTree = "<group>"; };
		59C0BA381E17D11900EACD92 /* map_present_background_update.png */ = {isa = PBXFileReference; lastKnownFileType = image.png; path = map_present_background_update.png; sourceTree = "<group>"; };
		59C0BA391E17D11900EACD92 /* map_present_direction.png */ = {isa = PBXFileReference; lastKnownFileType = image.png; path = map_present_direction.png; sourceTree = "<group>"; };
		59C0BA3A1E17D11900EACD92 /* map_present_tracking.png */ = {isa = PBXFileReference; lastKnownFileType = image.png; path = map_present_tracking.png; sourceTree = "<group>"; };
		59C0BA3B1E17D11900EACD92 /* noimage.png */ = {isa = PBXFileReference; lastKnownFileType = image.png; path = noimage.png; sourceTree = "<group>"; };
		59C0BA3C1E17D11900EACD92 /* noimage256.png */ = {isa = PBXFileReference; lastKnownFileType = image.png; path = noimage256.png; sourceTree = "<group>"; };
		59C0BA3D1E17D11900EACD92 /* point_sprite.png */ = {isa = PBXFileReference; lastKnownFileType = image.png; path = point_sprite.png; sourceTree = "<group>"; };
		59C0BA3E1E17D11900EACD92 /* shadow_balloon.png */ = {isa = PBXFileReference; lastKnownFileType = image.png; path = shadow_balloon.png; sourceTree = "<group>"; };
		59C0BA3F1E17D11900EACD92 /* th_line.png */ = {isa = PBXFileReference; lastKnownFileType = image.png; path = th_line.png; sourceTree = "<group>"; };
		59C0BA5C1E17D1AC00EACD92 /* CoreLocation.framework */ = {isa = PBXFileReference; lastKnownFileType = wrapper.framework; name = CoreLocation.framework; path = System/Library/Frameworks/CoreLocation.framework; sourceTree = SDKROOT; };
		59C0BA5E1E17D1CC00EACD92 /* libsqlite3.tbd */ = {isa = PBXFileReference; lastKnownFileType = "sourcecode.text-based-dylib-definition"; name = libsqlite3.tbd; path = usr/lib/libsqlite3.tbd; sourceTree = SDKROOT; };
		59C0BA601E17D1DA00EACD92 /* libxml2.tbd */ = {isa = PBXFileReference; lastKnownFileType = "sourcecode.text-based-dylib-definition"; name = libxml2.tbd; path = usr/lib/libxml2.tbd; sourceTree = SDKROOT; };
		59C0BA621E17D24A00EACD92 /* libstdc++.6.tbd */ = {isa = PBXFileReference; lastKnownFileType = "sourcecode.text-based-dylib-definition"; name = "libstdc++.6.tbd"; path = "usr/lib/libstdc++.6.tbd"; sourceTree = SDKROOT; };
		59C0BA641E17D25400EACD92 /* QuartzCore.framework */ = {isa = PBXFileReference; lastKnownFileType = wrapper.framework; name = QuartzCore.framework; path = System/Library/Frameworks/QuartzCore.framework; sourceTree = SDKROOT; };
		59C0BA661E17D26200EACD92 /* SystemConfiguration.framework */ = {isa = PBXFileReference; lastKnownFileType = wrapper.framework; name = SystemConfiguration.framework; path = System/Library/Frameworks/SystemConfiguration.framework; sourceTree = SDKROOT; };
		59C0BA681E17D26B00EACD92 /* OpenGLES.framework */ = {isa = PBXFileReference; lastKnownFileType = wrapper.framework; name = OpenGLES.framework; path = System/Library/Frameworks/OpenGLES.framework; sourceTree = SDKROOT; };
		DD9B16366ECD24285163B821 /* Pods_CanGo.framework */ = {isa = PBXFileReference; explicitFileType = wrapper.framework; includeInIndex = 0; path = Pods_CanGo.framework; sourceTree = BUILT_PRODUCTS_DIR; };
		F104F3D81E17DD68000D5DB0 /* MainViewController.swift */ = {isa = PBXFileReference; fileEncoding = 4; lastKnownFileType = sourcecode.swift; path = MainViewController.swift; sourceTree = "<group>"; };
		F1083E351E160626000BA60D /* LoginVC.swift */ = {isa = PBXFileReference; fileEncoding = 4; lastKnownFileType = sourcecode.swift; path = LoginVC.swift; sourceTree = "<group>"; };
		F1083E381E160A45000BA60D /* UIKit.framework */ = {isa = PBXFileReference; lastKnownFileType = wrapper.framework; name = UIKit.framework; path = System/Library/Frameworks/UIKit.framework; sourceTree = SDKROOT; };
		F1083E3A1E160A4D000BA60D /* Foundation.framework */ = {isa = PBXFileReference; lastKnownFileType = wrapper.framework; name = Foundation.framework; path = System/Library/Frameworks/Foundation.framework; sourceTree = SDKROOT; };
		F118C9CE1E17EACB0069523F /* SignUpVC.swift */ = {isa = PBXFileReference; fileEncoding = 4; lastKnownFileType = sourcecode.swift; path = SignUpVC.swift; sourceTree = "<group>"; };
		F1A42D491E15F0FF001AB20F /* CanGo.app */ = {isa = PBXFileReference; explicitFileType = wrapper.application; includeInIndex = 0; path = CanGo.app; sourceTree = BUILT_PRODUCTS_DIR; };
		F1A42D4C1E15F0FF001AB20F /* AppDelegate.swift */ = {isa = PBXFileReference; lastKnownFileType = sourcecode.swift; path = AppDelegate.swift; sourceTree = "<group>"; };
		F1A42D511E15F0FF001AB20F /* Base */ = {isa = PBXFileReference; lastKnownFileType = file.storyboard; name = Base; path = Base.lproj/Main.storyboard; sourceTree = "<group>"; };
		F1A42D531E15F0FF001AB20F /* Assets.xcassets */ = {isa = PBXFileReference; lastKnownFileType = folder.assetcatalog; path = Assets.xcassets; sourceTree = "<group>"; };
		F1A42D561E15F0FF001AB20F /* Base */ = {isa = PBXFileReference; lastKnownFileType = file.storyboard; name = Base; path = Base.lproj/LaunchScreen.storyboard; sourceTree = "<group>"; };
		F1A42D581E15F0FF001AB20F /* Info.plist */ = {isa = PBXFileReference; lastKnownFileType = text.plist.xml; path = Info.plist; sourceTree = "<group>"; };
		F1A42D5D1E15F0FF001AB20F /* CanGoTests.xctest */ = {isa = PBXFileReference; explicitFileType = wrapper.cfbundle; includeInIndex = 0; path = CanGoTests.xctest; sourceTree = BUILT_PRODUCTS_DIR; };
		F1A42D611E15F0FF001AB20F /* CanGoTests.swift */ = {isa = PBXFileReference; lastKnownFileType = sourcecode.swift; path = CanGoTests.swift; sourceTree = "<group>"; };
		F1A42D631E15F0FF001AB20F /* Info.plist */ = {isa = PBXFileReference; lastKnownFileType = text.plist.xml; path = Info.plist; sourceTree = "<group>"; };
		F1A42D681E15F0FF001AB20F /* CanGoUITests.xctest */ = {isa = PBXFileReference; explicitFileType = wrapper.cfbundle; includeInIndex = 0; path = CanGoUITests.xctest; sourceTree = BUILT_PRODUCTS_DIR; };
		F1A42D6C1E15F0FF001AB20F /* CanGoUITests.swift */ = {isa = PBXFileReference; lastKnownFileType = sourcecode.swift; path = CanGoUITests.swift; sourceTree = "<group>"; };
		F1A42D6E1E15F0FF001AB20F /* Info.plist */ = {isa = PBXFileReference; lastKnownFileType = text.plist.xml; path = Info.plist; sourceTree = "<group>"; };
		F1DB79541E17D8A3007A66BB /* Server.swift */ = {isa = PBXFileReference; fileEncoding = 4; lastKnownFileType = sourcecode.swift; path = Server.swift; sourceTree = "<group>"; };
		F1F6A1AB1E160CD0002D9742 /* Kakao.h */ = {isa = PBXFileReference; lastKnownFileType = sourcecode.c.h; path = Kakao.h; sourceTree = "<group>"; };
		F1F6A1AC1E16107E002D9742 /* KakaoOpenSDK.framework */ = {isa = PBXFileReference; lastKnownFileType = wrapper.framework; path = KakaoOpenSDK.framework; sourceTree = "<group>"; };
		F2927CEC5D858F3988519EBE /* Pods-CanGo.release.xcconfig */ = {isa = PBXFileReference; includeInIndex = 1; lastKnownFileType = text.xcconfig; name = "Pods-CanGo.release.xcconfig"; path = "Pods/Target Support Files/Pods-CanGo/Pods-CanGo.release.xcconfig"; sourceTree = "<group>"; };
		FD349EF39679CF5778397CC3 /* Pods-CanGo.debug.xcconfig */ = {isa = PBXFileReference; includeInIndex = 1; lastKnownFileType = text.xcconfig; name = "Pods-CanGo.debug.xcconfig"; path = "Pods/Target Support Files/Pods-CanGo/Pods-CanGo.debug.xcconfig"; sourceTree = "<group>"; };
/* End PBXFileReference section */

/* Begin PBXFrameworksBuildPhase section */
		F1A42D461E15F0FF001AB20F /* Frameworks */ = {
			isa = PBXFrameworksBuildPhase;
			buildActionMask = 2147483647;
			files = (
				59C0BA691E17D26B00EACD92 /* OpenGLES.framework in Frameworks */,
				59C0BA671E17D26200EACD92 /* SystemConfiguration.framework in Frameworks */,
				59C0BA651E17D25400EACD92 /* QuartzCore.framework in Frameworks */,
				59C0BA631E17D24A00EACD92 /* libstdc++.6.tbd in Frameworks */,
				59C0BA611E17D1DA00EACD92 /* libxml2.tbd in Frameworks */,
				59C0BA5F1E17D1CC00EACD92 /* libsqlite3.tbd in Frameworks */,
				59C0BA5D1E17D1AC00EACD92 /* CoreLocation.framework in Frameworks */,
				F1083E3B1E160A4D000BA60D /* Foundation.framework in Frameworks */,
				59C0BA401E17D11900EACD92 /* DaumMap.framework in Frameworks */,
				F1F6A1AD1E16107E002D9742 /* KakaoOpenSDK.framework in Frameworks */,
				F1083E391E160A45000BA60D /* UIKit.framework in Frameworks */,
				967569069FDA859109C00649 /* Pods_CanGo.framework in Frameworks */,
			);
			runOnlyForDeploymentPostprocessing = 0;
		};
		F1A42D5A1E15F0FF001AB20F /* Frameworks */ = {
			isa = PBXFrameworksBuildPhase;
			buildActionMask = 2147483647;
			files = (
			);
			runOnlyForDeploymentPostprocessing = 0;
		};
		F1A42D651E15F0FF001AB20F /* Frameworks */ = {
			isa = PBXFrameworksBuildPhase;
			buildActionMask = 2147483647;
			files = (
			);
			runOnlyForDeploymentPostprocessing = 0;
		};
/* End PBXFrameworksBuildPhase section */

/* Begin PBXGroup section */
		437D690C0E038521F359AAC2 /* Pods */ = {
			isa = PBXGroup;
			children = (
				FD349EF39679CF5778397CC3 /* Pods-CanGo.debug.xcconfig */,
				F2927CEC5D858F3988519EBE /* Pods-CanGo.release.xcconfig */,
			);
			name = Pods;
			sourceTree = "<group>";
		};
		59C0BA221E17D11900EACD92 /* DaumMap.embeddedframework */ = {
			isa = PBXGroup;
			children = (
				59C0BA231E17D11900EACD92 /* DaumMap.framework */,
				59C0BA241E17D11900EACD92 /* Resources */,
			);
			path = DaumMap.embeddedframework;
			sourceTree = "<group>";
		};
		59C0BA241E17D11900EACD92 /* Resources */ = {
			isa = PBXGroup;
			children = (
				59C0BA251E17D11900EACD92 /* copyright.png */,
				59C0BA261E17D11900EACD92 /* daum_copyright.png */,
				59C0BA271E17D11900EACD92 /* daum_th_line.png */,
				59C0BA281E17D11900EACD92 /* detail_button.png */,
				59C0BA291E17D11900EACD92 /* info_box.png */,
				59C0BA2A1E17D11900EACD92 /* info_box_tail.png */,
				59C0BA2B1E17D11900EACD92 /* map_pin.png */,
				59C0BA2C1E17D11900EACD92 /* map_pin@3x.png */,
				59C0BA2D1E17D11900EACD92 /* map_pin_custom.png */,
				59C0BA2E1E17D11900EACD92 /* map_pin_custom@3x.png */,
				59C0BA2F1E17D11900EACD92 /* map_pin_red.png */,
				59C0BA301E17D11900EACD92 /* map_pin_red@3x.png */,
				59C0BA311E17D11900EACD92 /* map_pin_shadow.png */,
				59C0BA321E17D11900EACD92 /* map_pin_shadow@3x.png */,
				59C0BA331E17D11900EACD92 /* map_pinup.png */,
				59C0BA341E17D11900EACD92 /* map_pinup@3x.png */,
				59C0BA351E17D11900EACD92 /* map_pinup_custom.png */,
				59C0BA361E17D11900EACD92 /* map_pinup_custom@3x.png */,
				59C0BA371E17D11900EACD92 /* map_present.png */,
				59C0BA381E17D11900EACD92 /* map_present_background_update.png */,
				59C0BA391E17D11900EACD92 /* map_present_direction.png */,
				59C0BA3A1E17D11900EACD92 /* map_present_tracking.png */,
				59C0BA3B1E17D11900EACD92 /* noimage.png */,
				59C0BA3C1E17D11900EACD92 /* noimage256.png */,
				59C0BA3D1E17D11900EACD92 /* point_sprite.png */,
				59C0BA3E1E17D11900EACD92 /* shadow_balloon.png */,
				59C0BA3F1E17D11900EACD92 /* th_line.png */,
			);
			path = Resources;
			sourceTree = "<group>";
		};
		F1083E371E160A45000BA60D /* Frameworks */ = {
			isa = PBXGroup;
			children = (
				59C0BA681E17D26B00EACD92 /* OpenGLES.framework */,
				59C0BA661E17D26200EACD92 /* SystemConfiguration.framework */,
				59C0BA641E17D25400EACD92 /* QuartzCore.framework */,
				59C0BA621E17D24A00EACD92 /* libstdc++.6.tbd */,
				59C0BA601E17D1DA00EACD92 /* libxml2.tbd */,
				59C0BA5E1E17D1CC00EACD92 /* libsqlite3.tbd */,
				59C0BA5C1E17D1AC00EACD92 /* CoreLocation.framework */,
				59C0BA221E17D11900EACD92 /* DaumMap.embeddedframework */,
				F1F6A1AC1E16107E002D9742 /* KakaoOpenSDK.framework */,
				F1083E3A1E160A4D000BA60D /* Foundation.framework */,
				F1083E381E160A45000BA60D /* UIKit.framework */,
				DD9B16366ECD24285163B821 /* Pods_CanGo.framework */,
			);
			name = Frameworks;
			sourceTree = "<group>";
		};
		F1A42D401E15F0FF001AB20F = {
			isa = PBXGroup;
			children = (
				F1A42D4B1E15F0FF001AB20F /* CanGo */,
				F1A42D601E15F0FF001AB20F /* CanGoTests */,
				F1A42D6B1E15F0FF001AB20F /* CanGoUITests */,
				F1A42D4A1E15F0FF001AB20F /* Products */,
				F1083E371E160A45000BA60D /* Frameworks */,
				437D690C0E038521F359AAC2 /* Pods */,
			);
			sourceTree = "<group>";
		};
		F1A42D4A1E15F0FF001AB20F /* Products */ = {
			isa = PBXGroup;
			children = (
				F1A42D491E15F0FF001AB20F /* CanGo.app */,
				F1A42D5D1E15F0FF001AB20F /* CanGoTests.xctest */,
				F1A42D681E15F0FF001AB20F /* CanGoUITests.xctest */,
			);
			name = Products;
			sourceTree = "<group>";
		};
		F1A42D4B1E15F0FF001AB20F /* CanGo */ = {
			isa = PBXGroup;
			children = (
				F104F3D81E17DD68000D5DB0 /* MainViewController.swift */,
				F1DB79541E17D8A3007A66BB /* Server.swift */,
				F1A42D4C1E15F0FF001AB20F /* AppDelegate.swift */,
				F118C9CE1E17EACB0069523F /* SignUpVC.swift */,
				F1A42D501E15F0FF001AB20F /* Main.storyboard */,
				F1A42D531E15F0FF001AB20F /* Assets.xcassets */,
				F1A42D551E15F0FF001AB20F /* LaunchScreen.storyboard */,
				F1A42D581E15F0FF001AB20F /* Info.plist */,
				F1083E351E160626000BA60D /* LoginVC.swift */,
				F1F6A1AB1E160CD0002D9742 /* Kakao.h */,
			);
			path = CanGo;
			sourceTree = "<group>";
		};
		F1A42D601E15F0FF001AB20F /* CanGoTests */ = {
			isa = PBXGroup;
			children = (
				F1A42D611E15F0FF001AB20F /* CanGoTests.swift */,
				F1A42D631E15F0FF001AB20F /* Info.plist */,
			);
			path = CanGoTests;
			sourceTree = "<group>";
		};
		F1A42D6B1E15F0FF001AB20F /* CanGoUITests */ = {
			isa = PBXGroup;
			children = (
				F1A42D6C1E15F0FF001AB20F /* CanGoUITests.swift */,
				F1A42D6E1E15F0FF001AB20F /* Info.plist */,
			);
			path = CanGoUITests;
			sourceTree = "<group>";
		};
/* End PBXGroup section */

/* Begin PBXNativeTarget section */
		F1A42D481E15F0FF001AB20F /* CanGo */ = {
			isa = PBXNativeTarget;
			buildConfigurationList = F1A42D711E15F0FF001AB20F /* Build configuration list for PBXNativeTarget "CanGo" */;
			buildPhases = (
				816409265EEA2B809E7AA184 /* [CP] Check Pods Manifest.lock */,
				F1A42D451E15F0FF001AB20F /* Sources */,
				F1A42D461E15F0FF001AB20F /* Frameworks */,
				F1A42D471E15F0FF001AB20F /* Resources */,
				2509AD3DFB972A71E0168D22 /* [CP] Embed Pods Frameworks */,
				E0D689873CB07FD03B6147B5 /* [CP] Copy Pods Resources */,
			);
			buildRules = (
			);
			dependencies = (
			);
			name = CanGo;
			productName = CanGo;
			productReference = F1A42D491E15F0FF001AB20F /* CanGo.app */;
			productType = "com.apple.product-type.application";
		};
		F1A42D5C1E15F0FF001AB20F /* CanGoTests */ = {
			isa = PBXNativeTarget;
			buildConfigurationList = F1A42D741E15F0FF001AB20F /* Build configuration list for PBXNativeTarget "CanGoTests" */;
			buildPhases = (
				F1A42D591E15F0FF001AB20F /* Sources */,
				F1A42D5A1E15F0FF001AB20F /* Frameworks */,
				F1A42D5B1E15F0FF001AB20F /* Resources */,
			);
			buildRules = (
			);
			dependencies = (
				F1A42D5F1E15F0FF001AB20F /* PBXTargetDependency */,
			);
			name = CanGoTests;
			productName = CanGoTests;
			productReference = F1A42D5D1E15F0FF001AB20F /* CanGoTests.xctest */;
			productType = "com.apple.product-type.bundle.unit-test";
		};
		F1A42D671E15F0FF001AB20F /* CanGoUITests */ = {
			isa = PBXNativeTarget;
			buildConfigurationList = F1A42D771E15F0FF001AB20F /* Build configuration list for PBXNativeTarget "CanGoUITests" */;
			buildPhases = (
				F1A42D641E15F0FF001AB20F /* Sources */,
				F1A42D651E15F0FF001AB20F /* Frameworks */,
				F1A42D661E15F0FF001AB20F /* Resources */,
			);
			buildRules = (
			);
			dependencies = (
				F1A42D6A1E15F0FF001AB20F /* PBXTargetDependency */,
			);
			name = CanGoUITests;
			productName = CanGoUITests;
			productReference = F1A42D681E15F0FF001AB20F /* CanGoUITests.xctest */;
			productType = "com.apple.product-type.bundle.ui-testing";
		};
/* End PBXNativeTarget section */

/* Begin PBXProject section */
		F1A42D411E15F0FF001AB20F /* Project object */ = {
			isa = PBXProject;
			attributes = {
				LastSwiftUpdateCheck = 0800;
				LastUpgradeCheck = 0800;
				ORGANIZATIONNAME = "Brian Bae";
				TargetAttributes = {
					F1A42D481E15F0FF001AB20F = {
						CreatedOnToolsVersion = 8.0;
						DevelopmentTeam = L6C8TCRC5L;
						ProvisioningStyle = Automatic;
					};
					F1A42D5C1E15F0FF001AB20F = {
						CreatedOnToolsVersion = 8.0;
						DevelopmentTeam = L6C8TCRC5L;
						ProvisioningStyle = Automatic;
						TestTargetID = F1A42D481E15F0FF001AB20F;
					};
					F1A42D671E15F0FF001AB20F = {
						CreatedOnToolsVersion = 8.0;
						DevelopmentTeam = L6C8TCRC5L;
						ProvisioningStyle = Automatic;
						TestTargetID = F1A42D481E15F0FF001AB20F;
					};
				};
			};
			buildConfigurationList = F1A42D441E15F0FF001AB20F /* Build configuration list for PBXProject "CanGo" */;
			compatibilityVersion = "Xcode 3.2";
			developmentRegion = English;
			hasScannedForEncodings = 0;
			knownRegions = (
				en,
				Base,
			);
			mainGroup = F1A42D401E15F0FF001AB20F;
			productRefGroup = F1A42D4A1E15F0FF001AB20F /* Products */;
			projectDirPath = "";
			projectRoot = "";
			targets = (
				F1A42D481E15F0FF001AB20F /* CanGo */,
				F1A42D5C1E15F0FF001AB20F /* CanGoTests */,
				F1A42D671E15F0FF001AB20F /* CanGoUITests */,
			);
		};
/* End PBXProject section */

/* Begin PBXResourcesBuildPhase section */
		F1A42D471E15F0FF001AB20F /* Resources */ = {
			isa = PBXResourcesBuildPhase;
			buildActionMask = 2147483647;
			files = (
				59C0BA461E17D11900EACD92 /* info_box_tail.png in Resources */,
				59C0BA561E17D11900EACD92 /* map_present_tracking.png in Resources */,
				59C0BA421E17D11900EACD92 /* daum_copyright.png in Resources */,
				59C0BA471E17D11900EACD92 /* map_pin.png in Resources */,
				59C0BA4C1E17D11900EACD92 /* map_pin_red@3x.png in Resources */,
				F1A42D571E15F0FF001AB20F /* LaunchScreen.storyboard in Resources */,
				59C0BA541E17D11900EACD92 /* map_present_background_update.png in Resources */,
				59C0BA581E17D11900EACD92 /* noimage256.png in Resources */,
				59C0BA431E17D11900EACD92 /* daum_th_line.png in Resources */,
				59C0BA451E17D11900EACD92 /* info_box.png in Resources */,
				59C0BA521E17D11900EACD92 /* map_pinup_custom@3x.png in Resources */,
				59C0BA5B1E17D11900EACD92 /* th_line.png in Resources */,
				59C0BA4B1E17D11900EACD92 /* map_pin_red.png in Resources */,
				59C0BA411E17D11900EACD92 /* copyright.png in Resources */,
				59C0BA441E17D11900EACD92 /* detail_button.png in Resources */,
				59C0BA511E17D11900EACD92 /* map_pinup_custom.png in Resources */,
				59C0BA481E17D11900EACD92 /* map_pin@3x.png in Resources */,
				59C0BA5A1E17D11900EACD92 /* shadow_balloon.png in Resources */,
				59C0BA4E1E17D11900EACD92 /* map_pin_shadow@3x.png in Resources */,
				59C0BA501E17D11900EACD92 /* map_pinup@3x.png in Resources */,
				59C0BA4A1E17D11900EACD92 /* map_pin_custom@3x.png in Resources */,
				F1A42D541E15F0FF001AB20F /* Assets.xcassets in Resources */,
				59C0BA551E17D11900EACD92 /* map_present_direction.png in Resources */,
				F1A42D521E15F0FF001AB20F /* Main.storyboard in Resources */,
				59C0BA4D1E17D11900EACD92 /* map_pin_shadow.png in Resources */,
				59C0BA571E17D11900EACD92 /* noimage.png in Resources */,
				59C0BA491E17D11900EACD92 /* map_pin_custom.png in Resources */,
				59C0BA531E17D11900EACD92 /* map_present.png in Resources */,
				59C0BA4F1E17D11900EACD92 /* map_pinup.png in Resources */,
				59C0BA591E17D11900EACD92 /* point_sprite.png in Resources */,
			);
			runOnlyForDeploymentPostprocessing = 0;
		};
		F1A42D5B1E15F0FF001AB20F /* Resources */ = {
			isa = PBXResourcesBuildPhase;
			buildActionMask = 2147483647;
			files = (
			);
			runOnlyForDeploymentPostprocessing = 0;
		};
		F1A42D661E15F0FF001AB20F /* Resources */ = {
			isa = PBXResourcesBuildPhase;
			buildActionMask = 2147483647;
			files = (
			);
			runOnlyForDeploymentPostprocessing = 0;
		};
/* End PBXResourcesBuildPhase section */

/* Begin PBXShellScriptBuildPhase section */
		2509AD3DFB972A71E0168D22 /* [CP] Embed Pods Frameworks */ = {
			isa = PBXShellScriptBuildPhase;
			buildActionMask = 2147483647;
			files = (
			);
			inputPaths = (
			);
			name = "[CP] Embed Pods Frameworks";
			outputPaths = (
			);
			runOnlyForDeploymentPostprocessing = 0;
			shellPath = /bin/sh;
			shellScript = "\"${SRCROOT}/Pods/Target Support Files/Pods-CanGo/Pods-CanGo-frameworks.sh\"\n";
			showEnvVarsInLog = 0;
		};
		816409265EEA2B809E7AA184 /* [CP] Check Pods Manifest.lock */ = {
			isa = PBXShellScriptBuildPhase;
			buildActionMask = 2147483647;
			files = (
			);
			inputPaths = (
			);
			name = "[CP] Check Pods Manifest.lock";
			outputPaths = (
			);
			runOnlyForDeploymentPostprocessing = 0;
			shellPath = /bin/sh;
			shellScript = "diff \"${PODS_ROOT}/../Podfile.lock\" \"${PODS_ROOT}/Manifest.lock\" > /dev/null\nif [ $? != 0 ] ; then\n    # print error to STDERR\n    echo \"error: The sandbox is not in sync with the Podfile.lock. Run 'pod install' or update your CocoaPods installation.\" >&2\n    exit 1\nfi\n";
			showEnvVarsInLog = 0;
		};
		E0D689873CB07FD03B6147B5 /* [CP] Copy Pods Resources */ = {
			isa = PBXShellScriptBuildPhase;
			buildActionMask = 2147483647;
			files = (
			);
			inputPaths = (
			);
			name = "[CP] Copy Pods Resources";
			outputPaths = (
			);
			runOnlyForDeploymentPostprocessing = 0;
			shellPath = /bin/sh;
			shellScript = "\"${SRCROOT}/Pods/Target Support Files/Pods-CanGo/Pods-CanGo-resources.sh\"\n";
			showEnvVarsInLog = 0;
		};
/* End PBXShellScriptBuildPhase section */

/* Begin PBXSourcesBuildPhase section */
		F1A42D451E15F0FF001AB20F /* Sources */ = {
			isa = PBXSourcesBuildPhase;
			buildActionMask = 2147483647;
			files = (
				F1083E361E160626000BA60D /* LoginVC.swift in Sources */,
				F1A42D4D1E15F0FF001AB20F /* AppDelegate.swift in Sources */,
				F1DB79551E17D8A3007A66BB /* Server.swift in Sources */,
				F118C9CF1E17EACB0069523F /* SignUpVC.swift in Sources */,
				F104F3D91E17DD68000D5DB0 /* MainViewController.swift in Sources */,
			);
			runOnlyForDeploymentPostprocessing = 0;
		};
		F1A42D591E15F0FF001AB20F /* Sources */ = {
			isa = PBXSourcesBuildPhase;
			buildActionMask = 2147483647;
			files = (
				F1A42D621E15F0FF001AB20F /* CanGoTests.swift in Sources */,
			);
			runOnlyForDeploymentPostprocessing = 0;
		};
		F1A42D641E15F0FF001AB20F /* Sources */ = {
			isa = PBXSourcesBuildPhase;
			buildActionMask = 2147483647;
			files = (
				F1A42D6D1E15F0FF001AB20F /* CanGoUITests.swift in Sources */,
			);
			runOnlyForDeploymentPostprocessing = 0;
		};
/* End PBXSourcesBuildPhase section */

/* Begin PBXTargetDependency section */
		F1A42D5F1E15F0FF001AB20F /* PBXTargetDependency */ = {
			isa = PBXTargetDependency;
			target = F1A42D481E15F0FF001AB20F /* CanGo */;
			targetProxy = F1A42D5E1E15F0FF001AB20F /* PBXContainerItemProxy */;
		};
		F1A42D6A1E15F0FF001AB20F /* PBXTargetDependency */ = {
			isa = PBXTargetDependency;
			target = F1A42D481E15F0FF001AB20F /* CanGo */;
			targetProxy = F1A42D691E15F0FF001AB20F /* PBXContainerItemProxy */;
		};
/* End PBXTargetDependency section */

/* Begin PBXVariantGroup section */
		F1A42D501E15F0FF001AB20F /* Main.storyboard */ = {
			isa = PBXVariantGroup;
			children = (
				F1A42D511E15F0FF001AB20F /* Base */,
			);
			name = Main.storyboard;
			sourceTree = "<group>";
		};
		F1A42D551E15F0FF001AB20F /* LaunchScreen.storyboard */ = {
			isa = PBXVariantGroup;
			children = (
				F1A42D561E15F0FF001AB20F /* Base */,
			);
			name = LaunchScreen.storyboard;
			sourceTree = "<group>";
		};
/* End PBXVariantGroup section */

/* Begin XCBuildConfiguration section */
		F1A42D6F1E15F0FF001AB20F /* Debug */ = {
			isa = XCBuildConfiguration;
			buildSettings = {
				ALWAYS_SEARCH_USER_PATHS = NO;
				CLANG_ANALYZER_NONNULL = YES;
				CLANG_CXX_LANGUAGE_STANDARD = "gnu++0x";
				CLANG_CXX_LIBRARY = "libc++";
				CLANG_ENABLE_MODULES = YES;
				CLANG_ENABLE_OBJC_ARC = NO;
				CLANG_WARN_BOOL_CONVERSION = YES;
				CLANG_WARN_CONSTANT_CONVERSION = YES;
				CLANG_WARN_DIRECT_OBJC_ISA_USAGE = YES_ERROR;
				CLANG_WARN_DOCUMENTATION_COMMENTS = YES;
				CLANG_WARN_EMPTY_BODY = YES;
				CLANG_WARN_ENUM_CONVERSION = YES;
				CLANG_WARN_INFINITE_RECURSION = YES;
				CLANG_WARN_INT_CONVERSION = YES;
				CLANG_WARN_OBJC_ROOT_CLASS = YES_ERROR;
				CLANG_WARN_SUSPICIOUS_MOVE = YES;
				CLANG_WARN_SUSPICIOUS_MOVES = YES;
				CLANG_WARN_UNREACHABLE_CODE = YES;
				CLANG_WARN__DUPLICATE_METHOD_MATCH = YES;
				"CODE_SIGN_IDENTITY[sdk=iphoneos*]" = "iPhone Developer";
				COPY_PHASE_STRIP = NO;
				DEBUG_INFORMATION_FORMAT = dwarf;
				ENABLE_BITCODE = NO;
				ENABLE_STRICT_OBJC_MSGSEND = YES;
				ENABLE_TESTABILITY = YES;
				GCC_C_LANGUAGE_STANDARD = gnu99;
				GCC_DYNAMIC_NO_PIC = NO;
				GCC_NO_COMMON_BLOCKS = YES;
				GCC_OPTIMIZATION_LEVEL = 0;
				GCC_PREPROCESSOR_DEFINITIONS = (
					"DEBUG=1",
					"$(inherited)",
				);
				GCC_WARN_64_TO_32_BIT_CONVERSION = YES;
				GCC_WARN_ABOUT_RETURN_TYPE = YES_ERROR;
				GCC_WARN_UNDECLARED_SELECTOR = YES;
				GCC_WARN_UNINITIALIZED_AUTOS = YES_AGGRESSIVE;
				GCC_WARN_UNUSED_FUNCTION = YES;
				GCC_WARN_UNUSED_VARIABLE = YES;
				IPHONEOS_DEPLOYMENT_TARGET = 10.0;
				MTL_ENABLE_DEBUG_INFO = YES;
				ONLY_ACTIVE_ARCH = YES;
				SDKROOT = iphoneos;
				SWIFT_ACTIVE_COMPILATION_CONDITIONS = DEBUG;
				SWIFT_OBJC_BRIDGING_HEADER = CanGo/Kakao.h;
				SWIFT_OPTIMIZATION_LEVEL = "-Onone";
			};
			name = Debug;
		};
		F1A42D701E15F0FF001AB20F /* Release */ = {
			isa = XCBuildConfiguration;
			buildSettings = {
				ALWAYS_SEARCH_USER_PATHS = NO;
				CLANG_ANALYZER_NONNULL = YES;
				CLANG_CXX_LANGUAGE_STANDARD = "gnu++0x";
				CLANG_CXX_LIBRARY = "libc++";
				CLANG_ENABLE_MODULES = YES;
				CLANG_ENABLE_OBJC_ARC = NO;
				CLANG_WARN_BOOL_CONVERSION = YES;
				CLANG_WARN_CONSTANT_CONVERSION = YES;
				CLANG_WARN_DIRECT_OBJC_ISA_USAGE = YES_ERROR;
				CLANG_WARN_DOCUMENTATION_COMMENTS = YES;
				CLANG_WARN_EMPTY_BODY = YES;
				CLANG_WARN_ENUM_CONVERSION = YES;
				CLANG_WARN_INFINITE_RECURSION = YES;
				CLANG_WARN_INT_CONVERSION = YES;
				CLANG_WARN_OBJC_ROOT_CLASS = YES_ERROR;
				CLANG_WARN_SUSPICIOUS_MOVE = YES;
				CLANG_WARN_SUSPICIOUS_MOVES = YES;
				CLANG_WARN_UNREACHABLE_CODE = YES;
				CLANG_WARN__DUPLICATE_METHOD_MATCH = YES;
				"CODE_SIGN_IDENTITY[sdk=iphoneos*]" = "iPhone Developer";
				COPY_PHASE_STRIP = NO;
				DEBUG_INFORMATION_FORMAT = "dwarf-with-dsym";
				ENABLE_BITCODE = NO;
				ENABLE_NS_ASSERTIONS = NO;
				ENABLE_STRICT_OBJC_MSGSEND = YES;
				GCC_C_LANGUAGE_STANDARD = gnu99;
				GCC_NO_COMMON_BLOCKS = YES;
				GCC_WARN_64_TO_32_BIT_CONVERSION = YES;
				GCC_WARN_ABOUT_RETURN_TYPE = YES_ERROR;
				GCC_WARN_UNDECLARED_SELECTOR = YES;
				GCC_WARN_UNINITIALIZED_AUTOS = YES_AGGRESSIVE;
				GCC_WARN_UNUSED_FUNCTION = YES;
				GCC_WARN_UNUSED_VARIABLE = YES;
				IPHONEOS_DEPLOYMENT_TARGET = 10.0;
				MTL_ENABLE_DEBUG_INFO = NO;
				SDKROOT = iphoneos;
				SWIFT_OBJC_BRIDGING_HEADER = CanGo/Kakao.h;
				SWIFT_OPTIMIZATION_LEVEL = "-Owholemodule";
				VALIDATE_PRODUCT = YES;
			};
			name = Release;
		};
		F1A42D721E15F0FF001AB20F /* Debug */ = {
			isa = XCBuildConfiguration;
			baseConfigurationReference = FD349EF39679CF5778397CC3 /* Pods-CanGo.debug.xcconfig */;
			buildSettings = {
				ALWAYS_EMBED_SWIFT_STANDARD_LIBRARIES = YES;
				ASSETCATALOG_COMPILER_APPICON_NAME = AppIcon;
				DEVELOPMENT_TEAM = L6C8TCRC5L;
				ENABLE_BITCODE = NO;
				FRAMEWORK_SEARCH_PATHS = (
					"$(inherited)",
					"$(PROJECT_DIR)",
					"$(PROJECT_DIR)/DaumMap.embeddedframework",
				);
				INFOPLIST_FILE = CanGo/Info.plist;
				LD_RUNPATH_SEARCH_PATHS = "$(inherited) @executable_path/Frameworks";
				OTHER_LDFLAGS = (
					"-all_load",
					"-ObjC",
				);
				PRODUCT_BUNDLE_IDENTIFIER = com.barrierwings.CanGo;
				PRODUCT_NAME = "$(TARGET_NAME)";
				SWIFT_VERSION = 3.0;
			};
			name = Debug;
		};
		F1A42D731E15F0FF001AB20F /* Release */ = {
			isa = XCBuildConfiguration;
			baseConfigurationReference = F2927CEC5D858F3988519EBE /* Pods-CanGo.release.xcconfig */;
			buildSettings = {
				ALWAYS_EMBED_SWIFT_STANDARD_LIBRARIES = YES;
				ASSETCATALOG_COMPILER_APPICON_NAME = AppIcon;
				DEVELOPMENT_TEAM = L6C8TCRC5L;
				ENABLE_BITCODE = NO;
				FRAMEWORK_SEARCH_PATHS = (
					"$(inherited)",
					"$(PROJECT_DIR)",
					"$(PROJECT_DIR)/DaumMap.embeddedframework",
				);
				INFOPLIST_FILE = CanGo/Info.plist;
				LD_RUNPATH_SEARCH_PATHS = "$(inherited) @executable_path/Frameworks";
				OTHER_LDFLAGS = (
					"-all_load",
					"-ObjC",
				);
				PRODUCT_BUNDLE_IDENTIFIER = com.barrierwings.CanGo;
				PRODUCT_NAME = "$(TARGET_NAME)";
				SWIFT_VERSION = 3.0;
			};
			name = Release;
		};
		F1A42D751E15F0FF001AB20F /* Debug */ = {
			isa = XCBuildConfiguration;
			buildSettings = {
				ALWAYS_EMBED_SWIFT_STANDARD_LIBRARIES = YES;
				BUNDLE_LOADER = "$(TEST_HOST)";
				DEVELOPMENT_TEAM = L6C8TCRC5L;
				INFOPLIST_FILE = CanGoTests/Info.plist;
				LD_RUNPATH_SEARCH_PATHS = "$(inherited) @executable_path/Frameworks @loader_path/Frameworks";
				PRODUCT_BUNDLE_IDENTIFIER = com.barrierwings.CanGoTests;
				PRODUCT_NAME = "$(TARGET_NAME)";
				SWIFT_VERSION = 3.0;
				TEST_HOST = "$(BUILT_PRODUCTS_DIR)/CanGo.app/CanGo";
			};
			name = Debug;
		};
		F1A42D761E15F0FF001AB20F /* Release */ = {
			isa = XCBuildConfiguration;
			buildSettings = {
				ALWAYS_EMBED_SWIFT_STANDARD_LIBRARIES = YES;
				BUNDLE_LOADER = "$(TEST_HOST)";
				DEVELOPMENT_TEAM = L6C8TCRC5L;
				INFOPLIST_FILE = CanGoTests/Info.plist;
				LD_RUNPATH_SEARCH_PATHS = "$(inherited) @executable_path/Frameworks @loader_path/Frameworks";
				PRODUCT_BUNDLE_IDENTIFIER = com.barrierwings.CanGoTests;
				PRODUCT_NAME = "$(TARGET_NAME)";
				SWIFT_VERSION = 3.0;
				TEST_HOST = "$(BUILT_PRODUCTS_DIR)/CanGo.app/CanGo";
			};
			name = Release;
		};
		F1A42D781E15F0FF001AB20F /* Debug */ = {
			isa = XCBuildConfiguration;
			buildSettings = {
				ALWAYS_EMBED_SWIFT_STANDARD_LIBRARIES = YES;
				DEVELOPMENT_TEAM = L6C8TCRC5L;
				INFOPLIST_FILE = CanGoUITests/Info.plist;
				LD_RUNPATH_SEARCH_PATHS = "$(inherited) @executable_path/Frameworks @loader_path/Frameworks";
				PRODUCT_BUNDLE_IDENTIFIER = com.barrierwings.CanGoUITests;
				PRODUCT_NAME = "$(TARGET_NAME)";
				SWIFT_VERSION = 3.0;
				TEST_TARGET_NAME = CanGo;
			};
			name = Debug;
		};
		F1A42D791E15F0FF001AB20F /* Release */ = {
			isa = XCBuildConfiguration;
			buildSettings = {
				ALWAYS_EMBED_SWIFT_STANDARD_LIBRARIES = YES;
				DEVELOPMENT_TEAM = L6C8TCRC5L;
				INFOPLIST_FILE = CanGoUITests/Info.plist;
				LD_RUNPATH_SEARCH_PATHS = "$(inherited) @executable_path/Frameworks @loader_path/Frameworks";
				PRODUCT_BUNDLE_IDENTIFIER = com.barrierwings.CanGoUITests;
				PRODUCT_NAME = "$(TARGET_NAME)";
				SWIFT_VERSION = 3.0;
				TEST_TARGET_NAME = CanGo;
			};
			name = Release;
		};
/* End XCBuildConfiguration section */

/* Begin XCConfigurationList section */
		F1A42D441E15F0FF001AB20F /* Build configuration list for PBXProject "CanGo" */ = {
			isa = XCConfigurationList;
			buildConfigurations = (
				F1A42D6F1E15F0FF001AB20F /* Debug */,
				F1A42D701E15F0FF001AB20F /* Release */,
			);
			defaultConfigurationIsVisible = 0;
			defaultConfigurationName = Release;
		};
		F1A42D711E15F0FF001AB20F /* Build configuration list for PBXNativeTarget "CanGo" */ = {
			isa = XCConfigurationList;
			buildConfigurations = (
				F1A42D721E15F0FF001AB20F /* Debug */,
				F1A42D731E15F0FF001AB20F /* Release */,
			);
			defaultConfigurationIsVisible = 0;
			defaultConfigurationName = Release;
		};
		F1A42D741E15F0FF001AB20F /* Build configuration list for PBXNativeTarget "CanGoTests" */ = {
			isa = XCConfigurationList;
			buildConfigurations = (
				F1A42D751E15F0FF001AB20F /* Debug */,
				F1A42D761E15F0FF001AB20F /* Release */,
			);
			defaultConfigurationIsVisible = 0;
			defaultConfigurationName = Release;
		};
		F1A42D771E15F0FF001AB20F /* Build configuration list for PBXNativeTarget "CanGoUITests" */ = {
			isa = XCConfigurationList;
			buildConfigurations = (
				F1A42D781E15F0FF001AB20F /* Debug */,
				F1A42D791E15F0FF001AB20F /* Release */,
			);
			defaultConfigurationIsVisible = 0;
			defaultConfigurationName = Release;
		};
/* End XCConfigurationList section */
	};
	rootObject = F1A42D411E15F0FF001AB20F /* Project object */;
}
